
Microsoft Visual Studio Solution File, Format Version 12.00
# Visual Studio Version 17
VisualStudioVersion = 17.5.33502.453
MinimumVisualStudioVersion = 10.0.40219.1
Project("{9A19103F-16F7-4668-BE54-9A1E7A4F7556}") = "EmployeeService", "EmployeeService\EmployeeService.csproj", "{82E9178A-E55B-4E41-97B1-8BD2F69A473A}"
EndProject
Project("{FAE04EC0-301F-11D3-BF4B-00C04F79EFBC}") = "EmployeeService.Core", "EmployeeService.Core\EmployeeService.Core.csproj", "{EF6B1FA4-EAB6-4D6D-8EA2-CE1CB16DC1DD}"
EndProject
Project("{FAE04EC0-301F-11D3-BF4B-00C04F79EFBC}") = "EmployeeService.Infrastructure", "EmployeeService.Infrastructure\EmployeeService.Infrastructure.csproj", "{3275959A-4593-46E8-A52B-30AF58EDF0F3}"
EndProject
Global
	GlobalSection(SolutionConfigurationPlatforms) = preSolution
		Debug|Any CPU = Debug|Any CPU
		Release|Any CPU = Release|Any CPU
	EndGlobalSection
	GlobalSection(ProjectConfigurationPlatforms) = postSolution
		{82E9178A-E55B-4E41-97B1-8BD2F69A473A}.Debug|Any CPU.ActiveCfg = Debug|Any CPU
		{82E9178A-E55B-4E41-97B1-8BD2F69A473A}.Debug|Any CPU.Build.0 = Debug|Any CPU
		{82E9178A-E55B-4E41-97B1-8BD2F69A473A}.Release|Any CPU.ActiveCfg = Release|Any CPU
		{82E9178A-E55B-4E41-97B1-8BD2F69A473A}.Release|Any CPU.Build.0 = Release|Any CPU
		{EF6B1FA4-EAB6-4D6D-8EA2-CE1CB16DC1DD}.Debug|Any CPU.ActiveCfg = Debug|Any CPU
		{EF6B1FA4-EAB6-4D6D-8EA2-CE1CB16DC1DD}.Debug|Any CPU.Build.0 = Debug|Any CPU
		{EF6B1FA4-EAB6-4D6D-8EA2-CE1CB16DC1DD}.Release|Any CPU.ActiveCfg = Release|Any CPU
		{EF6B1FA4-EAB6-4D6D-8EA2-CE1CB16DC1DD}.Release|Any CPU.Build.0 = Release|Any CPU
		{3275959A-4593-46E8-A52B-30AF58EDF0F3}.Debug|Any CPU.ActiveCfg = Debug|Any CPU
		{3275959A-4593-46E8-A52B-30AF58EDF0F3}.Debug|Any CPU.Build.0 = Debug|Any CPU
		{3275959A-4593-46E8-A52B-30AF58EDF0F3}.Release|Any CPU.ActiveCfg = Release|Any CPU
		{3275959A-4593-46E8-A52B-30AF58EDF0F3}.Release|Any CPU.Build.0 = Release|Any CPU
	EndGlobalSection
	GlobalSection(SolutionProperties) = preSolution
		HideSolutionNode = FALSE
	EndGlobalSection
	GlobalSection(ExtensibilityGlobals) = postSolution
		SolutionGuid = {79C1D412-6662-4B8F-96E4-CA4138380788}
	EndGlobalSection
EndGlobal
